
Microsoft Visual Studio Solution File, Format Version 12.00
# Visual Studio 15
VisualStudioVersion = 15.0.27703.2026
MinimumVisualStudioVersion = 10.0.40219.1
Project("{FAE04EC0-301F-11D3-BF4B-00C04F79EFBC}") = "Recipes", "Recipes\Recipes.csproj", "{9EF6592D-9A22-4807-86A7-46C374E82232}"
EndProject
Global
	GlobalSection(SolutionConfigurationPlatforms) = preSolution
		Debug|Any CPU = Debug|Any CPU
		Release|Any CPU = Release|Any CPU
	EndGlobalSection
	GlobalSection(ProjectConfigurationPlatforms) = postSolution
		{9EF6592D-9A22-4807-86A7-46C374E82232}.Debug|Any CPU.ActiveCfg = Debug|Any CPU
		{9EF6592D-9A22-4807-86A7-46C374E82232}.Debug|Any CPU.Build.0 = Debug|Any CPU
		{9EF6592D-9A22-4807-86A7-46C374E82232}.Release|Any CPU.ActiveCfg = Release|Any CPU
		{9EF6592D-9A22-4807-86A7-46C374E82232}.Release|Any CPU.Build.0 = Release|Any CPU
	EndGlobalSection
	GlobalSection(SolutionProperties) = preSolution
		HideSolutionNode = FALSE
	EndGlobalSection
	GlobalSection(ExtensibilityGlobals) = postSolution
		SolutionGuid = {00F50E9B-025E-475E-A155-2CC17A3C3D70}
	EndGlobalSection
EndGlobal
